// !$*UTF8*$!
{
	archiveVersion = 1;
	classes = {
	};
	objectVersion = 50;
	objects = {

/* Begin PBXBuildFile section */
		57343FED38AD0E9F8FC76DA2 /* Pods_FIT3178_Final_AppUITests.framework in Frameworks */ = {isa = PBXBuildFile; fileRef = E719F8244DE22083C12607AF /* Pods_FIT3178_Final_AppUITests.framework */; };
		5C66DEC180CA8BCB2E0FC907 /* Pods_FIT3178_Final_App.framework in Frameworks */ = {isa = PBXBuildFile; fileRef = A842DD155B722391FF2FEFFB /* Pods_FIT3178_Final_App.framework */; };
		86EB9C4A22B11680003F139D /* AppDelegate.swift in Sources */ = {isa = PBXBuildFile; fileRef = 86EB9C4922B11680003F139D /* AppDelegate.swift */; };
		86EB9C4C22B11680003F139D /* ViewController.swift in Sources */ = {isa = PBXBuildFile; fileRef = 86EB9C4B22B11680003F139D /* ViewController.swift */; };
		86EB9C4F22B11680003F139D /* Main.storyboard in Resources */ = {isa = PBXBuildFile; fileRef = 86EB9C4D22B11680003F139D /* Main.storyboard */; };
		86EB9C5122B11681003F139D /* Assets.xcassets in Resources */ = {isa = PBXBuildFile; fileRef = 86EB9C5022B11681003F139D /* Assets.xcassets */; };
		86EB9C5422B11681003F139D /* LaunchScreen.storyboard in Resources */ = {isa = PBXBuildFile; fileRef = 86EB9C5222B11681003F139D /* LaunchScreen.storyboard */; };
		86EB9C5F22B11681003F139D /* FIT3178_Final_AppTests.swift in Sources */ = {isa = PBXBuildFile; fileRef = 86EB9C5E22B11681003F139D /* FIT3178_Final_AppTests.swift */; };
		86EB9C6A22B11681003F139D /* FIT3178_Final_AppUITests.swift in Sources */ = {isa = PBXBuildFile; fileRef = 86EB9C6922B11681003F139D /* FIT3178_Final_AppUITests.swift */; };
		86EB9C7822B12A78003F139D /* itineraryTableViewController.swift in Sources */ = {isa = PBXBuildFile; fileRef = 86EB9C7722B12A78003F139D /* itineraryTableViewController.swift */; };
		86EB9C7A22B133C5003F139D /* NewItineraryViewController.swift in Sources */ = {isa = PBXBuildFile; fileRef = 86EB9C7922B133C5003F139D /* NewItineraryViewController.swift */; };
		86EB9C7C22B13E9D003F139D /* MapViewController.swift in Sources */ = {isa = PBXBuildFile; fileRef = 86EB9C7B22B13E9D003F139D /* MapViewController.swift */; };
		86EB9C7E22B1433E003F139D /* AddNewActivityViewController.swift in Sources */ = {isa = PBXBuildFile; fileRef = 86EB9C7D22B1433E003F139D /* AddNewActivityViewController.swift */; };
		86EB9C8022B1484B003F139D /* AccountSettingsViewController.swift in Sources */ = {isa = PBXBuildFile; fileRef = 86EB9C7F22B1484B003F139D /* AccountSettingsViewController.swift */; };
		86EB9C8222B17E64003F139D /* GoogleService-Info.plist in Resources */ = {isa = PBXBuildFile; fileRef = 86EB9C8122B17E64003F139D /* GoogleService-Info.plist */; };
		86EB9C8422B17EAB003F139D /* Activity.swift in Sources */ = {isa = PBXBuildFile; fileRef = 86EB9C8322B17EAB003F139D /* Activity.swift */; };
		AACD1B93DC564228F3D7AEA3 /* Pods_FIT3178_Final_AppTests.framework in Frameworks */ = {isa = PBXBuildFile; fileRef = F016A917B62C66D012E8B38E /* Pods_FIT3178_Final_AppTests.framework */; };
/* End PBXBuildFile section */

/* Begin PBXContainerItemProxy section */
		86EB9C5B22B11681003F139D /* PBXContainerItemProxy */ = {
			isa = PBXContainerItemProxy;
			containerPortal = 86EB9C3E22B11680003F139D /* Project object */;
			proxyType = 1;
			remoteGlobalIDString = 86EB9C4522B11680003F139D;
			remoteInfo = "FIT3178 Final App";
		};
		86EB9C6622B11681003F139D /* PBXContainerItemProxy */ = {
			isa = PBXContainerItemProxy;
			containerPortal = 86EB9C3E22B11680003F139D /* Project object */;
			proxyType = 1;
			remoteGlobalIDString = 86EB9C4522B11680003F139D;
			remoteInfo = "FIT3178 Final App";
		};
/* End PBXContainerItemProxy section */

/* Begin PBXFileReference section */
		3B60F1E3C575F96B2C8E4FD9 /* Pods-FIT3178 Final AppTests.release.xcconfig */ = {isa = PBXFileReference; includeInIndex = 1; lastKnownFileType = text.xcconfig; name = "Pods-FIT3178 Final AppTests.release.xcconfig"; path = "Target Support Files/Pods-FIT3178 Final AppTests/Pods-FIT3178 Final AppTests.release.xcconfig"; sourceTree = "<group>"; };
		3BF4EA1562AEF21F709CC6D7 /* Pods-FIT3178 Final App.debug.xcconfig */ = {isa = PBXFileReference; includeInIndex = 1; lastKnownFileType = text.xcconfig; name = "Pods-FIT3178 Final App.debug.xcconfig"; path = "Target Support Files/Pods-FIT3178 Final App/Pods-FIT3178 Final App.debug.xcconfig"; sourceTree = "<group>"; };
		5CFF069999DC071FD624F632 /* Pods-FIT3178 Final AppUITests.debug.xcconfig */ = {isa = PBXFileReference; includeInIndex = 1; lastKnownFileType = text.xcconfig; name = "Pods-FIT3178 Final AppUITests.debug.xcconfig"; path = "Target Support Files/Pods-FIT3178 Final AppUITests/Pods-FIT3178 Final AppUITests.debug.xcconfig"; sourceTree = "<group>"; };
		6527420F36F476E2AC6194F7 /* Pods-FIT3178 Final AppTests.debug.xcconfig */ = {isa = PBXFileReference; includeInIndex = 1; lastKnownFileType = text.xcconfig; name = "Pods-FIT3178 Final AppTests.debug.xcconfig"; path = "Target Support Files/Pods-FIT3178 Final AppTests/Pods-FIT3178 Final AppTests.debug.xcconfig"; sourceTree = "<group>"; };
		845F3F27566DEC29EF45F4A3 /* Pods-FIT3178 Final AppUITests.release.xcconfig */ = {isa = PBXFileReference; includeInIndex = 1; lastKnownFileType = text.xcconfig; name = "Pods-FIT3178 Final AppUITests.release.xcconfig"; path = "Target Support Files/Pods-FIT3178 Final AppUITests/Pods-FIT3178 Final AppUITests.release.xcconfig"; sourceTree = "<group>"; };
		86EB9C4622B11680003F139D /* FIT3178 Final App.app */ = {isa = PBXFileReference; explicitFileType = wrapper.application; includeInIndex = 0; path = "FIT3178 Final App.app"; sourceTree = BUILT_PRODUCTS_DIR; };
		86EB9C4922B11680003F139D /* AppDelegate.swift */ = {isa = PBXFileReference; lastKnownFileType = sourcecode.swift; path = AppDelegate.swift; sourceTree = "<group>"; };
		86EB9C4B22B11680003F139D /* ViewController.swift */ = {isa = PBXFileReference; lastKnownFileType = sourcecode.swift; path = ViewController.swift; sourceTree = "<group>"; };
		86EB9C4E22B11680003F139D /* Base */ = {isa = PBXFileReference; lastKnownFileType = file.storyboard; name = Base; path = Base.lproj/Main.storyboard; sourceTree = "<group>"; };
		86EB9C5022B11681003F139D /* Assets.xcassets */ = {isa = PBXFileReference; lastKnownFileType = folder.assetcatalog; path = Assets.xcassets; sourceTree = "<group>"; };
		86EB9C5322B11681003F139D /* Base */ = {isa = PBXFileReference; lastKnownFileType = file.storyboard; name = Base; path = Base.lproj/LaunchScreen.storyboard; sourceTree = "<group>"; };
		86EB9C5522B11681003F139D /* Info.plist */ = {isa = PBXFileReference; lastKnownFileType = text.plist.xml; path = Info.plist; sourceTree = "<group>"; };
		86EB9C5A22B11681003F139D /* FIT3178 Final AppTests.xctest */ = {isa = PBXFileReference; explicitFileType = wrapper.cfbundle; includeInIndex = 0; path = "FIT3178 Final AppTests.xctest"; sourceTree = BUILT_PRODUCTS_DIR; };
		86EB9C5E22B11681003F139D /* FIT3178_Final_AppTests.swift */ = {isa = PBXFileReference; lastKnownFileType = sourcecode.swift; path = FIT3178_Final_AppTests.swift; sourceTree = "<group>"; };
		86EB9C6022B11681003F139D /* Info.plist */ = {isa = PBXFileReference; lastKnownFileType = text.plist.xml; path = Info.plist; sourceTree = "<group>"; };
		86EB9C6522B11681003F139D /* FIT3178 Final AppUITests.xctest */ = {isa = PBXFileReference; explicitFileType = wrapper.cfbundle; includeInIndex = 0; path = "FIT3178 Final AppUITests.xctest"; sourceTree = BUILT_PRODUCTS_DIR; };
		86EB9C6922B11681003F139D /* FIT3178_Final_AppUITests.swift */ = {isa = PBXFileReference; lastKnownFileType = sourcecode.swift; path = FIT3178_Final_AppUITests.swift; sourceTree = "<group>"; };
		86EB9C6B22B11681003F139D /* Info.plist */ = {isa = PBXFileReference; lastKnownFileType = text.plist.xml; path = Info.plist; sourceTree = "<group>"; };
		86EB9C7722B12A78003F139D /* itineraryTableViewController.swift */ = {isa = PBXFileReference; lastKnownFileType = sourcecode.swift; path = itineraryTableViewController.swift; sourceTree = "<group>"; };
		86EB9C7922B133C5003F139D /* NewItineraryViewController.swift */ = {isa = PBXFileReference; lastKnownFileType = sourcecode.swift; path = NewItineraryViewController.swift; sourceTree = "<group>"; };
		86EB9C7B22B13E9D003F139D /* MapViewController.swift */ = {isa = PBXFileReference; lastKnownFileType = sourcecode.swift; path = MapViewController.swift; sourceTree = "<group>"; };
		86EB9C7D22B1433E003F139D /* AddNewActivityViewController.swift */ = {isa = PBXFileReference; lastKnownFileType = sourcecode.swift; path = AddNewActivityViewController.swift; sourceTree = "<group>"; };
		86EB9C7F22B1484B003F139D /* AccountSettingsViewController.swift */ = {isa = PBXFileReference; lastKnownFileType = sourcecode.swift; path = AccountSettingsViewController.swift; sourceTree = "<group>"; };
		86EB9C8122B17E64003F139D /* GoogleService-Info.plist */ = {isa = PBXFileReference; fileEncoding = 4; lastKnownFileType = text.plist.xml; path = "GoogleService-Info.plist"; sourceTree = "<group>"; };
		86EB9C8322B17EAB003F139D /* Activity.swift */ = {isa = PBXFileReference; lastKnownFileType = sourcecode.swift; path = Activity.swift; sourceTree = "<group>"; };
		91E2AE11DDF7EE55611708DE /* Pods-FIT3178 Final App.release.xcconfig */ = {isa = PBXFileReference; includeInIndex = 1; lastKnownFileType = text.xcconfig; name = "Pods-FIT3178 Final App.release.xcconfig"; path = "Target Support Files/Pods-FIT3178 Final App/Pods-FIT3178 Final App.release.xcconfig"; sourceTree = "<group>"; };
		A842DD155B722391FF2FEFFB /* Pods_FIT3178_Final_App.framework */ = {isa = PBXFileReference; explicitFileType = wrapper.framework; includeInIndex = 0; path = Pods_FIT3178_Final_App.framework; sourceTree = BUILT_PRODUCTS_DIR; };
		E719F8244DE22083C12607AF /* Pods_FIT3178_Final_AppUITests.framework */ = {isa = PBXFileReference; explicitFileType = wrapper.framework; includeInIndex = 0; path = Pods_FIT3178_Final_AppUITests.framework; sourceTree = BUILT_PRODUCTS_DIR; };
		F016A917B62C66D012E8B38E /* Pods_FIT3178_Final_AppTests.framework */ = {isa = PBXFileReference; explicitFileType = wrapper.framework; includeInIndex = 0; path = Pods_FIT3178_Final_AppTests.framework; sourceTree = BUILT_PRODUCTS_DIR; };
/* End PBXFileReference section */

/* Begin PBXFrameworksBuildPhase section */
		86EB9C4322B11680003F139D /* Frameworks */ = {
			isa = PBXFrameworksBuildPhase;
			buildActionMask = 2147483647;
			files = (
				5C66DEC180CA8BCB2E0FC907 /* Pods_FIT3178_Final_App.framework in Frameworks */,
			);
			runOnlyForDeploymentPostprocessing = 0;
		};
		86EB9C5722B11681003F139D /* Frameworks */ = {
			isa = PBXFrameworksBuildPhase;
			buildActionMask = 2147483647;
			files = (
				AACD1B93DC564228F3D7AEA3 /* Pods_FIT3178_Final_AppTests.framework in Frameworks */,
			);
			runOnlyForDeploymentPostprocessing = 0;
		};
		86EB9C6222B11681003F139D /* Frameworks */ = {
			isa = PBXFrameworksBuildPhase;
			buildActionMask = 2147483647;
			files = (
				57343FED38AD0E9F8FC76DA2 /* Pods_FIT3178_Final_AppUITests.framework in Frameworks */,
			);
			runOnlyForDeploymentPostprocessing = 0;
		};
/* End PBXFrameworksBuildPhase section */

/* Begin PBXGroup section */
		6417B8B394C54FD69C5CA0E2 /* Frameworks */ = {
			isa = PBXGroup;
			children = (
				A842DD155B722391FF2FEFFB /* Pods_FIT3178_Final_App.framework */,
				F016A917B62C66D012E8B38E /* Pods_FIT3178_Final_AppTests.framework */,
				E719F8244DE22083C12607AF /* Pods_FIT3178_Final_AppUITests.framework */,
			);
			name = Frameworks;
			sourceTree = "<group>";
		};
		86EB9C3D22B11680003F139D = {
			isa = PBXGroup;
			children = (
				86EB9C4822B11680003F139D /* FIT3178 Final App */,
				86EB9C5D22B11681003F139D /* FIT3178 Final AppTests */,
				86EB9C6822B11681003F139D /* FIT3178 Final AppUITests */,
				86EB9C4722B11680003F139D /* Products */,
				ED6AF468666BA0D3A0A9C586 /* Pods */,
				6417B8B394C54FD69C5CA0E2 /* Frameworks */,
			);
			sourceTree = "<group>";
		};
		86EB9C4722B11680003F139D /* Products */ = {
			isa = PBXGroup;
			children = (
				86EB9C4622B11680003F139D /* FIT3178 Final App.app */,
				86EB9C5A22B11681003F139D /* FIT3178 Final AppTests.xctest */,
				86EB9C6522B11681003F139D /* FIT3178 Final AppUITests.xctest */,
			);
			name = Products;
			sourceTree = "<group>";
		};
		86EB9C4822B11680003F139D /* FIT3178 Final App */ = {
			isa = PBXGroup;
			children = (
				86EB9C8122B17E64003F139D /* GoogleService-Info.plist */,
				86EB9C4922B11680003F139D /* AppDelegate.swift */,
				86EB9C4B22B11680003F139D /* ViewController.swift */,
				86EB9C4D22B11680003F139D /* Main.storyboard */,
				86EB9C5022B11681003F139D /* Assets.xcassets */,
				86EB9C5222B11681003F139D /* LaunchScreen.storyboard */,
				86EB9C5522B11681003F139D /* Info.plist */,
				86EB9C7722B12A78003F139D /* itineraryTableViewController.swift */,
				86EB9C7922B133C5003F139D /* NewItineraryViewController.swift */,
				86EB9C7B22B13E9D003F139D /* MapViewController.swift */,
				86EB9C7D22B1433E003F139D /* AddNewActivityViewController.swift */,
				86EB9C7F22B1484B003F139D /* AccountSettingsViewController.swift */,
				86EB9C8322B17EAB003F139D /* Activity.swift */,
			);
			path = "FIT3178 Final App";
			sourceTree = "<group>";
		};
		86EB9C5D22B11681003F139D /* FIT3178 Final AppTests */ = {
			isa = PBXGroup;
			children = (
				86EB9C5E22B11681003F139D /* FIT3178_Final_AppTests.swift */,
				86EB9C6022B11681003F139D /* Info.plist */,
			);
			path = "FIT3178 Final AppTests";
			sourceTree = "<group>";
		};
		86EB9C6822B11681003F139D /* FIT3178 Final AppUITests */ = {
			isa = PBXGroup;
			children = (
				86EB9C6922B11681003F139D /* FIT3178_Final_AppUITests.swift */,
				86EB9C6B22B11681003F139D /* Info.plist */,
			);
			path = "FIT3178 Final AppUITests";
			sourceTree = "<group>";
		};
		ED6AF468666BA0D3A0A9C586 /* Pods */ = {
			isa = PBXGroup;
			children = (
				3BF4EA1562AEF21F709CC6D7 /* Pods-FIT3178 Final App.debug.xcconfig */,
				91E2AE11DDF7EE55611708DE /* Pods-FIT3178 Final App.release.xcconfig */,
				6527420F36F476E2AC6194F7 /* Pods-FIT3178 Final AppTests.debug.xcconfig */,
				3B60F1E3C575F96B2C8E4FD9 /* Pods-FIT3178 Final AppTests.release.xcconfig */,
				5CFF069999DC071FD624F632 /* Pods-FIT3178 Final AppUITests.debug.xcconfig */,
				845F3F27566DEC29EF45F4A3 /* Pods-FIT3178 Final AppUITests.release.xcconfig */,
			);
			path = Pods;
			sourceTree = "<group>";
		};
/* End PBXGroup section */

/* Begin PBXNativeTarget section */
		86EB9C4522B11680003F139D /* FIT3178 Final App */ = {
			isa = PBXNativeTarget;
			buildConfigurationList = 86EB9C6E22B11681003F139D /* Build configuration list for PBXNativeTarget "FIT3178 Final App" */;
			buildPhases = (
				D09997886026ED8DD2758E11 /* [CP] Check Pods Manifest.lock */,
				86EB9C4222B11680003F139D /* Sources */,
				86EB9C4322B11680003F139D /* Frameworks */,
				86EB9C4422B11680003F139D /* Resources */,
			);
			buildRules = (
			);
			dependencies = (
			);
			name = "FIT3178 Final App";
			productName = "FIT3178 Final App";
			productReference = 86EB9C4622B11680003F139D /* FIT3178 Final App.app */;
			productType = "com.apple.product-type.application";
		};
		86EB9C5922B11681003F139D /* FIT3178 Final AppTests */ = {
			isa = PBXNativeTarget;
			buildConfigurationList = 86EB9C7122B11681003F139D /* Build configuration list for PBXNativeTarget "FIT3178 Final AppTests" */;
			buildPhases = (
				30DE13A7B669A1C24EA8A19A /* [CP] Check Pods Manifest.lock */,
				86EB9C5622B11681003F139D /* Sources */,
				86EB9C5722B11681003F139D /* Frameworks */,
				86EB9C5822B11681003F139D /* Resources */,
			);
			buildRules = (
			);
			dependencies = (
				86EB9C5C22B11681003F139D /* PBXTargetDependency */,
			);
			name = "FIT3178 Final AppTests";
			productName = "FIT3178 Final AppTests";
			productReference = 86EB9C5A22B11681003F139D /* FIT3178 Final AppTests.xctest */;
			productType = "com.apple.product-type.bundle.unit-test";
		};
		86EB9C6422B11681003F139D /* FIT3178 Final AppUITests */ = {
			isa = PBXNativeTarget;
			buildConfigurationList = 86EB9C7422B11681003F139D /* Build configuration list for PBXNativeTarget "FIT3178 Final AppUITests" */;
			buildPhases = (
				6D09C1260200E089E0C34B0A /* [CP] Check Pods Manifest.lock */,
				86EB9C6122B11681003F139D /* Sources */,
				86EB9C6222B11681003F139D /* Frameworks */,
				86EB9C6322B11681003F139D /* Resources */,
			);
			buildRules = (
			);
			dependencies = (
				86EB9C6722B11681003F139D /* PBXTargetDependency */,
			);
			name = "FIT3178 Final AppUITests";
			productName = "FIT3178 Final AppUITests";
			productReference = 86EB9C6522B11681003F139D /* FIT3178 Final AppUITests.xctest */;
			productType = "com.apple.product-type.bundle.ui-testing";
		};
/* End PBXNativeTarget section */

/* Begin PBXProject section */
		86EB9C3E22B11680003F139D /* Project object */ = {
			isa = PBXProject;
			attributes = {
				LastSwiftUpdateCheck = 1010;
				LastUpgradeCheck = 1010;
				ORGANIZATIONNAME = "Laoqi He";
				TargetAttributes = {
					86EB9C4522B11680003F139D = {
						CreatedOnToolsVersion = 10.1;
					};
					86EB9C5922B11681003F139D = {
						CreatedOnToolsVersion = 10.1;
						TestTargetID = 86EB9C4522B11680003F139D;
					};
					86EB9C6422B11681003F139D = {
						CreatedOnToolsVersion = 10.1;
						TestTargetID = 86EB9C4522B11680003F139D;
					};
				};
			};
			buildConfigurationList = 86EB9C4122B11680003F139D /* Build configuration list for PBXProject "FIT3178 Final App" */;
			compatibilityVersion = "Xcode 9.3";
			developmentRegion = en;
			hasScannedForEncodings = 0;
			knownRegions = (
				en,
				Base,
			);
			mainGroup = 86EB9C3D22B11680003F139D;
			productRefGroup = 86EB9C4722B11680003F139D /* Products */;
			projectDirPath = "";
			projectRoot = "";
			targets = (
				86EB9C4522B11680003F139D /* FIT3178 Final App */,
				86EB9C5922B11681003F139D /* FIT3178 Final AppTests */,
				86EB9C6422B11681003F139D /* FIT3178 Final AppUITests */,
			);
		};
/* End PBXProject section */

/* Begin PBXResourcesBuildPhase section */
		86EB9C4422B11680003F139D /* Resources */ = {
			isa = PBXResourcesBuildPhase;
			buildActionMask = 2147483647;
			files = (
				86EB9C5422B11681003F139D /* LaunchScreen.storyboard in Resources */,
				86EB9C8222B17E64003F139D /* GoogleService-Info.plist in Resources */,
				86EB9C5122B11681003F139D /* Assets.xcassets in Resources */,
				86EB9C4F22B11680003F139D /* Main.storyboard in Resources */,
			);
			runOnlyForDeploymentPostprocessing = 0;
		};
		86EB9C5822B11681003F139D /* Resources */ = {
			isa = PBXResourcesBuildPhase;
			buildActionMask = 2147483647;
			files = (
			);
			runOnlyForDeploymentPostprocessing = 0;
		};
		86EB9C6322B11681003F139D /* Resources */ = {
			isa = PBXResourcesBuildPhase;
			buildActionMask = 2147483647;
			files = (
			);
			runOnlyForDeploymentPostprocessing = 0;
		};
/* End PBXResourcesBuildPhase section */

/* Begin PBXShellScriptBuildPhase section */
		30DE13A7B669A1C24EA8A19A /* [CP] Check Pods Manifest.lock */ = {
			isa = PBXShellScriptBuildPhase;
			buildActionMask = 2147483647;
			files = (
			);
			inputFileListPaths = (
			);
			inputPaths = (
				"${PODS_PODFILE_DIR_PATH}/Podfile.lock",
				"${PODS_ROOT}/Manifest.lock",
			);
			name = "[CP] Check Pods Manifest.lock";
			outputFileListPaths = (
			);
			outputPaths = (
				"$(DERIVED_FILE_DIR)/Pods-FIT3178 Final AppTests-checkManifestLockResult.txt",
			);
			runOnlyForDeploymentPostprocessing = 0;
			shellPath = /bin/sh;
			shellScript = "diff \"${PODS_PODFILE_DIR_PATH}/Podfile.lock\" \"${PODS_ROOT}/Manifest.lock\" > /dev/null\nif [ $? != 0 ] ; then\n    # print error to STDERR\n    echo \"error: The sandbox is not in sync with the Podfile.lock. Run 'pod install' or update your CocoaPods installation.\" >&2\n    exit 1\nfi\n# This output is used by Xcode 'outputs' to avoid re-running this script phase.\necho \"SUCCESS\" > \"${SCRIPT_OUTPUT_FILE_0}\"\n";
			showEnvVarsInLog = 0;
		};
		6D09C1260200E089E0C34B0A /* [CP] Check Pods Manifest.lock */ = {
			isa = PBXShellScriptBuildPhase;
			buildActionMask = 2147483647;
			files = (
			);
			inputFileListPaths = (
			);
			inputPaths = (
				"${PODS_PODFILE_DIR_PATH}/Podfile.lock",
				"${PODS_ROOT}/Manifest.lock",
			);
			name = "[CP] Check Pods Manifest.lock";
			outputFileListPaths = (
			);
			outputPaths = (
				"$(DERIVED_FILE_DIR)/Pods-FIT3178 Final AppUITests-checkManifestLockResult.txt",
			);
			runOnlyForDeploymentPostprocessing = 0;
			shellPath = /bin/sh;
			shellScript = "diff \"${PODS_PODFILE_DIR_PATH}/Podfile.lock\" \"${PODS_ROOT}/Manifest.lock\" > /dev/null\nif [ $? != 0 ] ; then\n    # print error to STDERR\n    echo \"error: The sandbox is not in sync with the Podfile.lock. Run 'pod install' or update your CocoaPods installation.\" >&2\n    exit 1\nfi\n# This output is used by Xcode 'outputs' to avoid re-running this script phase.\necho \"SUCCESS\" > \"${SCRIPT_OUTPUT_FILE_0}\"\n";
			showEnvVarsInLog = 0;
		};
		D09997886026ED8DD2758E11 /* [CP] Check Pods Manifest.lock */ = {
			isa = PBXShellScriptBuildPhase;
			buildActionMask = 2147483647;
			files = (
			);
			inputFileListPaths = (
			);
			inputPaths = (
				"${PODS_PODFILE_DIR_PATH}/Podfile.lock",
				"${PODS_ROOT}/Manifest.lock",
			);
			name = "[CP] Check Pods Manifest.lock";
			outputFileListPaths = (
			);
			outputPaths = (
				"$(DERIVED_FILE_DIR)/Pods-FIT3178 Final App-checkManifestLockResult.txt",
			);
			runOnlyForDeploymentPostprocessing = 0;
			shellPath = /bin/sh;
			shellScript = "diff \"${PODS_PODFILE_DIR_PATH}/Podfile.lock\" \"${PODS_ROOT}/Manifest.lock\" > /dev/null\nif [ $? != 0 ] ; then\n    # print error to STDERR\n    echo \"error: The sandbox is not in sync with the Podfile.lock. Run 'pod install' or update your CocoaPods installation.\" >&2\n    exit 1\nfi\n# This output is used by Xcode 'outputs' to avoid re-running this script phase.\necho \"SUCCESS\" > \"${SCRIPT_OUTPUT_FILE_0}\"\n";
			showEnvVarsInLog = 0;
		};
/* End PBXShellScriptBuildPhase section */

/* Begin PBXSourcesBuildPhase section */
		86EB9C4222B11680003F139D /* Sources */ = {
			isa = PBXSourcesBuildPhase;
			buildActionMask = 2147483647;
			files = (
				86EB9C7E22B1433E003F139D /* AddNewActivityViewController.swift in Sources */,
				86EB9C4C22B11680003F139D /* ViewController.swift in Sources */,
				86EB9C7822B12A78003F139D /* itineraryTableViewController.swift in Sources */,
				86EB9C7A22B133C5003F139D /* NewItineraryViewController.swift in Sources */,
				86EB9C7C22B13E9D003F139D /* MapViewController.swift in Sources */,
				86EB9C8022B1484B003F139D /* AccountSettingsViewController.swift in Sources */,
				86EB9C8422B17EAB003F139D /* Activity.swift in Sources */,
				86EB9C4A22B11680003F139D /* AppDelegate.swift in Sources */,
			);
			runOnlyForDeploymentPostprocessing = 0;
		};
		86EB9C5622B11681003F139D /* Sources */ = {
			isa = PBXSourcesBuildPhase;
			buildActionMask = 2147483647;
			files = (
				86EB9C5F22B11681003F139D /* FIT3178_Final_AppTests.swift in Sources */,
			);
			runOnlyForDeploymentPostprocessing = 0;
		};
		86EB9C6122B11681003F139D /* Sources */ = {
			isa = PBXSourcesBuildPhase;
			buildActionMask = 2147483647;
			files = (
				86EB9C6A22B11681003F139D /* FIT3178_Final_AppUITests.swift in Sources */,
			);
			runOnlyForDeploymentPostprocessing = 0;
		};
/* End PBXSourcesBuildPhase section */

/* Begin PBXTargetDependency section */
		86EB9C5C22B11681003F139D /* PBXTargetDependency */ = {
			isa = PBXTargetDependency;
			target = 86EB9C4522B11680003F139D /* FIT3178 Final App */;
			targetProxy = 86EB9C5B22B11681003F139D /* PBXContainerItemProxy */;
		};
		86EB9C6722B11681003F139D /* PBXTargetDependency */ = {
			isa = PBXTargetDependency;
			target = 86EB9C4522B11680003F139D /* FIT3178 Final App */;
			targetProxy = 86EB9C6622B11681003F139D /* PBXContainerItemProxy */;
		};
/* End PBXTargetDependency section */

/* Begin PBXVariantGroup section */
		86EB9C4D22B11680003F139D /* Main.storyboard */ = {
			isa = PBXVariantGroup;
			children = (
				86EB9C4E22B11680003F139D /* Base */,
			);
			name = Main.storyboard;
			sourceTree = "<group>";
		};
		86EB9C5222B11681003F139D /* LaunchScreen.storyboard */ = {
			isa = PBXVariantGroup;
			children = (
				86EB9C5322B11681003F139D /* Base */,
			);
			name = LaunchScreen.storyboard;
			sourceTree = "<group>";
		};
/* End PBXVariantGroup section */

/* Begin XCBuildConfiguration section */
		86EB9C6C22B11681003F139D /* Debug */ = {
			isa = XCBuildConfiguration;
			buildSettings = {
				ALWAYS_SEARCH_USER_PATHS = NO;
				CLANG_ANALYZER_NONNULL = YES;
				CLANG_ANALYZER_NUMBER_OBJECT_CONVERSION = YES_AGGRESSIVE;
				CLANG_CXX_LANGUAGE_STANDARD = "gnu++14";
				CLANG_CXX_LIBRARY = "libc++";
				CLANG_ENABLE_MODULES = YES;
				CLANG_ENABLE_OBJC_ARC = YES;
				CLANG_ENABLE_OBJC_WEAK = YES;
				CLANG_WARN_BLOCK_CAPTURE_AUTORELEASING = YES;
				CLANG_WARN_BOOL_CONVERSION = YES;
				CLANG_WARN_COMMA = YES;
				CLANG_WARN_CONSTANT_CONVERSION = YES;
				CLANG_WARN_DEPRECATED_OBJC_IMPLEMENTATIONS = YES;
				CLANG_WARN_DIRECT_OBJC_ISA_USAGE = YES_ERROR;
				CLANG_WARN_DOCUMENTATION_COMMENTS = YES;
				CLANG_WARN_EMPTY_BODY = YES;
				CLANG_WARN_ENUM_CONVERSION = YES;
				CLANG_WARN_INFINITE_RECURSION = YES;
				CLANG_WARN_INT_CONVERSION = YES;
				CLANG_WARN_NON_LITERAL_NULL_CONVERSION = YES;
				CLANG_WARN_OBJC_IMPLICIT_RETAIN_SELF = YES;
				CLANG_WARN_OBJC_LITERAL_CONVERSION = YES;
				CLANG_WARN_OBJC_ROOT_CLASS = YES_ERROR;
				CLANG_WARN_RANGE_LOOP_ANALYSIS = YES;
				CLANG_WARN_STRICT_PROTOTYPES = YES;
				CLANG_WARN_SUSPICIOUS_MOVE = YES;
				CLANG_WARN_UNGUARDED_AVAILABILITY = YES_AGGRESSIVE;
				CLANG_WARN_UNREACHABLE_CODE = YES;
				CLANG_WARN__DUPLICATE_METHOD_MATCH = YES;
				CODE_SIGN_IDENTITY = "iPhone Developer";
				COPY_PHASE_STRIP = NO;
				DEBUG_INFORMATION_FORMAT = dwarf;
				ENABLE_STRICT_OBJC_MSGSEND = YES;
				ENABLE_TESTABILITY = YES;
				GCC_C_LANGUAGE_STANDARD = gnu11;
				GCC_DYNAMIC_NO_PIC = NO;
				GCC_NO_COMMON_BLOCKS = YES;
				GCC_OPTIMIZATION_LEVEL = 0;
				GCC_PREPROCESSOR_DEFINITIONS = (
					"DEBUG=1",
					"$(inherited)",
				);
				GCC_WARN_64_TO_32_BIT_CONVERSION = YES;
				GCC_WARN_ABOUT_RETURN_TYPE = YES_ERROR;
				GCC_WARN_UNDECLARED_SELECTOR = YES;
				GCC_WARN_UNINITIALIZED_AUTOS = YES_AGGRESSIVE;
				GCC_WARN_UNUSED_FUNCTION = YES;
				GCC_WARN_UNUSED_VARIABLE = YES;
				IPHONEOS_DEPLOYMENT_TARGET = 12.1;
				MTL_ENABLE_DEBUG_INFO = INCLUDE_SOURCE;
				MTL_FAST_MATH = YES;
				ONLY_ACTIVE_ARCH = YES;
				SDKROOT = iphoneos;
				SWIFT_ACTIVE_COMPILATION_CONDITIONS = DEBUG;
				SWIFT_OPTIMIZATION_LEVEL = "-Onone";
			};
			name = Debug;
		};
		86EB9C6D22B11681003F139D /* Release */ = {
			isa = XCBuildConfiguration;
			buildSettings = {
				ALWAYS_SEARCH_USER_PATHS = NO;
				CLANG_ANALYZER_NONNULL = YES;
				CLANG_ANALYZER_NUMBER_OBJECT_CONVERSION = YES_AGGRESSIVE;
				CLANG_CXX_LANGUAGE_STANDARD = "gnu++14";
				CLANG_CXX_LIBRARY = "libc++";
				CLANG_ENABLE_MODULES = YES;
				CLANG_ENABLE_OBJC_ARC = YES;
				CLANG_ENABLE_OBJC_WEAK = YES;
				CLANG_WARN_BLOCK_CAPTURE_AUTORELEASING = YES;
				CLANG_WARN_BOOL_CONVERSION = YES;
				CLANG_WARN_COMMA = YES;
				CLANG_WARN_CONSTANT_CONVERSION = YES;
				CLANG_WARN_DEPRECATED_OBJC_IMPLEMENTATIONS = YES;
				CLANG_WARN_DIRECT_OBJC_ISA_USAGE = YES_ERROR;
				CLANG_WARN_DOCUMENTATION_COMMENTS = YES;
				CLANG_WARN_EMPTY_BODY = YES;
				CLANG_WARN_ENUM_CONVERSION = YES;
				CLANG_WARN_INFINITE_RECURSION = YES;
				CLANG_WARN_INT_CONVERSION = YES;
				CLANG_WARN_NON_LITERAL_NULL_CONVERSION = YES;
				CLANG_WARN_OBJC_IMPLICIT_RETAIN_SELF = YES;
				CLANG_WARN_OBJC_LITERAL_CONVERSION = YES;
				CLANG_WARN_OBJC_ROOT_CLASS = YES_ERROR;
				CLANG_WARN_RANGE_LOOP_ANALYSIS = YES;
				CLANG_WARN_STRICT_PROTOTYPES = YES;
				CLANG_WARN_SUSPICIOUS_MOVE = YES;
				CLANG_WARN_UNGUARDED_AVAILABILITY = YES_AGGRESSIVE;
				CLANG_WARN_UNREACHABLE_CODE = YES;
				CLANG_WARN__DUPLICATE_METHOD_MATCH = YES;
				CODE_SIGN_IDENTITY = "iPhone Developer";
				COPY_PHASE_STRIP = NO;
				DEBUG_INFORMATION_FORMAT = "dwarf-with-dsym";
				ENABLE_NS_ASSERTIONS = NO;
				ENABLE_STRICT_OBJC_MSGSEND = YES;
				GCC_C_LANGUAGE_STANDARD = gnu11;
				GCC_NO_COMMON_BLOCKS = YES;
				GCC_WARN_64_TO_32_BIT_CONVERSION = YES;
				GCC_WARN_ABOUT_RETURN_TYPE = YES_ERROR;
				GCC_WARN_UNDECLARED_SELECTOR = YES;
				GCC_WARN_UNINITIALIZED_AUTOS = YES_AGGRESSIVE;
				GCC_WARN_UNUSED_FUNCTION = YES;
				GCC_WARN_UNUSED_VARIABLE = YES;
				IPHONEOS_DEPLOYMENT_TARGET = 12.1;
				MTL_ENABLE_DEBUG_INFO = NO;
				MTL_FAST_MATH = YES;
				SDKROOT = iphoneos;
				SWIFT_COMPILATION_MODE = wholemodule;
				SWIFT_OPTIMIZATION_LEVEL = "-O";
				VALIDATE_PRODUCT = YES;
			};
			name = Release;
		};
		86EB9C6F22B11681003F139D /* Debug */ = {
			isa = XCBuildConfiguration;
			baseConfigurationReference = 3BF4EA1562AEF21F709CC6D7 /* Pods-FIT3178 Final App.debug.xcconfig */;
			buildSettings = {
				ASSETCATALOG_COMPILER_APPICON_NAME = AppIcon;
				CODE_SIGN_STYLE = Automatic;
				INFOPLIST_FILE = "FIT3178 Final App/Info.plist";
				LD_RUNPATH_SEARCH_PATHS = (
					"$(inherited)",
					"@executable_path/Frameworks",
				);
				PRODUCT_BUNDLE_IDENTIFIER = "monash.FIT3178-Final-App";
				PRODUCT_NAME = "$(TARGET_NAME)";
				SWIFT_VERSION = 4.2;
				TARGETED_DEVICE_FAMILY = "1,2";
			};
			name = Debug;
		};
		86EB9C7022B11681003F139D /* Release */ = {
			isa = XCBuildConfiguration;
			baseConfigurationReference = 91E2AE11DDF7EE55611708DE /* Pods-FIT3178 Final App.release.xcconfig */;
			buildSettings = {
				ASSETCATALOG_COMPILER_APPICON_NAME = AppIcon;
				CODE_SIGN_STYLE = Automatic;
				INFOPLIST_FILE = "FIT3178 Final App/Info.plist";
				LD_RUNPATH_SEARCH_PATHS = (
					"$(inherited)",
					"@executable_path/Frameworks",
				);
				PRODUCT_BUNDLE_IDENTIFIER = "monash.FIT3178-Final-App";
				PRODUCT_NAME = "$(TARGET_NAME)";
				SWIFT_VERSION = 4.2;
				TARGETED_DEVICE_FAMILY = "1,2";
			};
			name = Release;
		};
		86EB9C7222B11681003F139D /* Debug */ = {
			isa = XCBuildConfiguration;
			baseConfigurationReference = 6527420F36F476E2AC6194F7 /* Pods-FIT3178 Final AppTests.debug.xcconfig */;
			buildSettings = {
				ALWAYS_EMBED_SWIFT_STANDARD_LIBRARIES = YES;
				BUNDLE_LOADER = "$(TEST_HOST)";
				CODE_SIGN_STYLE = Automatic;
				INFOPLIST_FILE = "FIT3178 Final AppTests/Info.plist";
				LD_RUNPATH_SEARCH_PATHS = (
					"$(inherited)",
					"@executable_path/Frameworks",
					"@loader_path/Frameworks",
				);
				PRODUCT_BUNDLE_IDENTIFIER = "monash.FIT3178-Final-AppTests";
				PRODUCT_NAME = "$(TARGET_NAME)";
				SWIFT_VERSION = 4.2;
				TARGETED_DEVICE_FAMILY = "1,2";
				TEST_HOST = "$(BUILT_PRODUCTS_DIR)/FIT3178 Final App.app/FIT3178 Final App";
			};
			name = Debug;
		};
		86EB9C7322B11681003F139D /* Release */ = {
			isa = XCBuildConfiguration;
			baseConfigurationReference = 3B60F1E3C575F96B2C8E4FD9 /* Pods-FIT3178 Final AppTests.release.xcconfig */;
			buildSettings = {
				ALWAYS_EMBED_SWIFT_STANDARD_LIBRARIES = YES;
				BUNDLE_LOADER = "$(TEST_HOST)";
				CODE_SIGN_STYLE = Automatic;
				INFOPLIST_FILE = "FIT3178 Final AppTests/Info.plist";
				LD_RUNPATH_SEARCH_PATHS = (
					"$(inherited)",
					"@executable_path/Frameworks",
					"@loader_path/Frameworks",
				);
				PRODUCT_BUNDLE_IDENTIFIER = "monash.FIT3178-Final-AppTests";
				PRODUCT_NAME = "$(TARGET_NAME)";
				SWIFT_VERSION = 4.2;
				TARGETED_DEVICE_FAMILY = "1,2";
				TEST_HOST = "$(BUILT_PRODUCTS_DIR)/FIT3178 Final App.app/FIT3178 Final App";
			};
			name = Release;
		};
		86EB9C7522B11681003F139D /* Debug */ = {
			isa = XCBuildConfiguration;
			baseConfigurationReference = 5CFF069999DC071FD624F632 /* Pods-FIT3178 Final AppUITests.debug.xcconfig */;
			buildSettings = {
				ALWAYS_EMBED_SWIFT_STANDARD_LIBRARIES = YES;
				CODE_SIGN_STYLE = Automatic;
				INFOPLIST_FILE = "FIT3178 Final AppUITests/Info.plist";
				LD_RUNPATH_SEARCH_PATHS = (
					"$(inherited)",
					"@executable_path/Frameworks",
					"@loader_path/Frameworks",
				);
				PRODUCT_BUNDLE_IDENTIFIER = "monash.FIT3178-Final-AppUITests";
				PRODUCT_NAME = "$(TARGET_NAME)";
				SWIFT_VERSION = 4.2;
				TARGETED_DEVICE_FAMILY = "1,2";
				TEST_TARGET_NAME = "FIT3178 Final App";
			};
			name = Debug;
		};
		86EB9C7622B11681003F139D /* Release */ = {
			isa = XCBuildConfiguration;
			baseConfigurationReference = 845F3F27566DEC29EF45F4A3 /* Pods-FIT3178 Final AppUITests.release.xcconfig */;
			buildSettings = {
				ALWAYS_EMBED_SWIFT_STANDARD_LIBRARIES = YES;
				CODE_SIGN_STYLE = Automatic;
				INFOPLIST_FILE = "FIT3178 Final AppUITests/Info.plist";
				LD_RUNPATH_SEARCH_PATHS = (
					"$(inherited)",
					"@executable_path/Frameworks",
					"@loader_path/Frameworks",
				);
				PRODUCT_BUNDLE_IDENTIFIER = "monash.FIT3178-Final-AppUITests";
				PRODUCT_NAME = "$(TARGET_NAME)";
				SWIFT_VERSION = 4.2;
				TARGETED_DEVICE_FAMILY = "1,2";
				TEST_TARGET_NAME = "FIT3178 Final App";
			};
			name = Release;
		};
/* End XCBuildConfiguration section */

/* Begin XCConfigurationList section */
		86EB9C4122B11680003F139D /* Build configuration list for PBXProject "FIT3178 Final App" */ = {
			isa = XCConfigurationList;
			buildConfigurations = (
				86EB9C6C22B11681003F139D /* Debug */,
				86EB9C6D22B11681003F139D /* Release */,
			);
			defaultConfigurationIsVisible = 0;
			defaultConfigurationName = Release;
		};
		86EB9C6E22B11681003F139D /* Build configuration list for PBXNativeTarget "FIT3178 Final App" */ = {
			isa = XCConfigurationList;
			buildConfigurations = (
				86EB9C6F22B11681003F139D /* Debug */,
				86EB9C7022B11681003F139D /* Release */,
			);
			defaultConfigurationIsVisible = 0;
			defaultConfigurationName = Release;
		};
		86EB9C7122B11681003F139D /* Build configuration list for PBXNativeTarget "FIT3178 Final AppTests" */ = {
			isa = XCConfigurationList;
			buildConfigurations = (
				86EB9C7222B11681003F139D /* Debug */,
				86EB9C7322B11681003F139D /* Release */,
			);
			defaultConfigurationIsVisible = 0;
			defaultConfigurationName = Release;
		};
		86EB9C7422B11681003F139D /* Build configuration list for PBXNativeTarget "FIT3178 Final AppUITests" */ = {
			isa = XCConfigurationList;
			buildConfigurations = (
				86EB9C7522B11681003F139D /* Debug */,
				86EB9C7622B11681003F139D /* Release */,
			);
			defaultConfigurationIsVisible = 0;
			defaultConfigurationName = Release;
		};
/* End XCConfigurationList section */
	};
	rootObject = 86EB9C3E22B11680003F139D /* Project object */;
}
